
Microsoft Visual Studio Solution File, Format Version 11.00
# Visual Studio 2010
# SharpDevelop 5.1
Project("{FAE04EC0-301F-11D3-BF4B-00C04F79EFBC}") = "at06", "at06\at06.csproj", "{57A056A1-767D-47B6-A074-EBA8BE40F58B}"
EndProject
Global
	GlobalSection(SolutionConfigurationPlatforms) = preSolution
		Debug|Any CPU = Debug|Any CPU
		Release|Any CPU = Release|Any CPU
	EndGlobalSection
	GlobalSection(ProjectConfigurationPlatforms) = postSolution
		{57A056A1-767D-47B6-A074-EBA8BE40F58B}.Debug|Any CPU.ActiveCfg = Debug|Any CPU
		{57A056A1-767D-47B6-A074-EBA8BE40F58B}.Debug|Any CPU.Build.0 = Debug|Any CPU
		{57A056A1-767D-47B6-A074-EBA8BE40F58B}.Release|Any CPU.ActiveCfg = Release|Any CPU
		{57A056A1-767D-47B6-A074-EBA8BE40F58B}.Release|Any CPU.Build.0 = Release|Any CPU
	EndGlobalSection
EndGlobal
